{
  "nodes": {
    "claude-code": {
      "inputs": {
        "nixpkgs": [
          "nixpkgs"
        ]
      },
      "locked": {
        "lastModified": 1785878663,
        "narHash": "sha256-aFxufwNsDB34KXhuz7/H9yvQ1IxhXso9lhvskGkYWLM=",
        "owner": "ryoppippi",
        "repo": "nix-claude-code",
        "rev": "b9e72f05ca05fcc0c3d92b53667ec4070703dbc1",
        "type": "github"
      },
      "original": {
        "owner": "ryoppippi",
        "repo": "nix-claude-code",
        "type": "github"
      }
    },
    "darwin": {
      "inputs": {
        "nixpkgs": [
          "nixpkgs"
        ]
      },
      "locked": {
        "lastModified": 1785389976,
        "narHash": "sha256-0tLW8Ff5yt8AH97jw4ZpFJ0OCJ122zIlgWGDmOfU/VU=",
        "owner": "lnl7",
        "repo": "nix-darwin",
        "rev": "15abb8c98f336cd8bd840d71059adebabe60bf04",
        "type": "github"
      },
      "original": {
        "owner": "lnl7",
        "repo": "nix-darwin",
        "type": "github"
      }
    },
    "flake-parts": {
      "inputs": {
        "nixpkgs-lib": [
          "nixvim",
          "nixpkgs"
        ]
      },
      "locked": {
        "lastModified": 1782949081,
        "narHash": "sha256-vp6Y/Grm98ESt6ceOkWiHWyZRDV3J1RID4w+6NWK9yA=",
        "owner": "hercules-ci",
        "repo": "flake-parts",
        "rev": "17c9d6cdfc60c64f4ee8d306f9bc0b4ccb51481e",
        "type": "github"
      },
      "original": {
        "owner": "hercules-ci",
        "repo": "flake-parts",
        "type": "github"
      }
    },
    "home-manager": {
      "inputs": {
        "nixpkgs": [
          "nixpkgs"
        ]
      },
      "locked": {
        "lastModified": 1785531816,
        "narHash": "sha256-vkMnV0JIyw+g/NmcfoajlGaAO+9a0ezia+FZohQJrik=",
        "owner": "nix-community",
        "repo": "home-manager",
        "rev": "bf9ce9fec78f95f374e8dd3b503863a3ec128ebe",
        "type": "github"
      },
      "original": {
        "owner": "nix-community",
        "repo": "home-manager",
        "type": "github"
      }
    },
    "nix-vscode-extensions": {
      "inputs": {
        "nixpkgs": "nixpkgs"
      },
      "locked": {
        "lastModified": 1785898908,
        "narHash": "sha256-UPMYwEyyh6QhbnXyIlpIi0H9454Ow/eOOOSkRx3Hxkk=",
        "owner": "nix-community",
        "repo": "nix-vscode-extensions",
        "rev": "b510fc22aa22ad079592c5adb46d547a37def055",
        "type": "github"
      },
      "original": {
        "owner": "nix-community",
        "repo": "nix-vscode-extensions",
        "type": "github"
      }
    },
    "nixpkgs": {
      "locked": {
        "lastModified": 1784564315,
        "narHash": "sha256-7OpsHHIZFUBLbeHNQ0oC40DZRQjsmGWodXge+OqgPgk=",
        "owner": "nixos",
        "repo": "nixpkgs",
        "rev": "0c2094806c9e542f31785ef3569ab9e900e3ce9c",
        "type": "github"
      },
      "original": {
        "owner": "nixos",
        "repo": "nixpkgs",
        "rev": "0c2094806c9e542f31785ef3569ab9e900e3ce9c",
        "type": "github"
      }
    },
    "nixpkgs_2": {
      "locked": {
        "lastModified": 1785761448,
        "narHash": "sha256-rvQS0iKRJrrIK6CM2wlE5jWrYJ8dLtjGdDLvzCAGplM=",
        "owner": "NixOS",
        "repo": "nixpkgs",
        "rev": "12d28633cf8e2899ac83315a7e5495fda119d193",
        "type": "github"
      },
      "original": {
        "owner": "nixos",
        "ref": "nixos-unstable",
        "repo": "nixpkgs",
        "type": "github"
      }
    },
    "nixpkgs_3": {
      "locked": {
        "lastModified": 1782175435,
        "narHash": "sha256-EMzXKmnOtBQ2MnvpiNOm7E+kOMvdPrIKaeg52Tip2Uk=",
        "owner": "NixOS",
        "repo": "nixpkgs",
        "rev": "89570f24e97e614aa34aa9ab1c927b6578a43775",
        "type": "github"
      },
      "original": {
        "owner": "NixOS",
        "ref": "nixpkgs-unstable",
        "repo": "nixpkgs",
        "type": "github"
      }
    },
    "nixvim": {
      "inputs": {
        "flake-parts": "flake-parts",
        "nixpkgs": [
          "nixpkgs"
        ],
        "systems": "systems"
      },
      "locked": {
        "lastModified": 1785763201,
        "narHash": "sha256-wA373y/B9orM3HatLu9oS+Ke5lmdZyBl/bdjd2gLMq4=",
        "owner": "nix-community",
        "repo": "nixvim",
        "rev": "c7be49306b23a952c0151cf4bbeacd944ed82f2a",
        "type": "github"
      },
      "original": {
        "owner": "nix-community",
        "repo": "nixvim",
        "type": "github"
      }
    },
    "rime-ice": {
      "flake": false,
      "locked": {
        "lastModified": 1785684446,
        "narHash": "sha256-U1aof8zSRKMXPDNXIB+LxbeRz5lBTegEG37iaFXS6fY=",
        "owner": "iDvel",
        "repo": "rime-ice",
        "rev": "569ff3bc65dd4aec0a26b33c49c8bbdfa8b5fd57",
        "type": "github"
      },
      "original": {
        "owner": "iDvel",
        "repo": "rime-ice",
        "type": "github"
      }
    },
    "root": {
      "inputs": {
        "claude-code": "claude-code",
        "darwin": "darwin",
        "home-manager": "home-manager",
        "nix-vscode-extensions": "nix-vscode-extensions",
        "nixpkgs": "nixpkgs_2",
        "nixvim": "nixvim",
        "rime-ice": "rime-ice",
        "silentSDDM": "silentSDDM",
        "sops-nix": "sops-nix"
      }
    },
    "silentSDDM": {
      "inputs": {
        "nixpkgs": [
          "nixpkgs"
        ]
      },
      "locked": {
        "lastModified": 1785353884,
        "narHash": "sha256-UYAP/sPJxG95tN6a4VNTcskY54ud2sIQKrTzTLioGv0=",
        "owner": "uiriansan",
        "repo": "SilentSDDM",
        "rev": "0dc4386ef570659537b480f4b226b3b6f2699948",
        "type": "github"
      },
      "original": {
        "owner": "uiriansan",
        "repo": "SilentSDDM",
        "type": "github"
      }
    },
    "sops-nix": {
      "inputs": {
        "nixpkgs": "nixpkgs_3"
      },
      "locked": {
        "lastModified": 1783174389,
        "narHash": "sha256-aCWC8ngycU7OdJrU2+Je3qf+1a2ykuBvpPhZT/9tXMc=",
        "owner": "Mic92",
        "repo": "sops-nix",
        "rev": "f1406619a3884cd5c47992a70b8b35c9c0fcb4c9",
        "type": "github"
      },
      "original": {
        "owner": "Mic92",
        "repo": "sops-nix",
        "type": "github"
      }
    },
    "systems": {
      "locked": {
        "lastModified": 1774449309,
        "narHash": "sha256-brhZ8DmuGtzkCYHJg4HEd602amKm89Y9ytsFZ5uWD1w=",
        "owner": "nix-systems",
        "repo": "default",
        "rev": "c29398b59d2048c4ab79345812849c9bd15e9150",
        "type": "github"
      },
      "original": {
        "owner": "nix-systems",
        "ref": "future-26.11",
        "repo": "default",
        "type": "github"
      }
    }
  },
  "root": "root",
  "version": 7
}
